{
	"name": "npmgo",
	"version": "1.0.0",
	"lockfileVersion": 3,
	"requires": true,
	"packages": {
		"": {
			"name": "npmgo",
			"version": "1.0.0",
			"dependencies": {
				"@allindevelopers/prettier-config": "^1.0.0",
				"@tsconfig/node20": "^20.1.2",
				"@types/node": "^20.10.5",
				"fuse.js": "^7.0.0",
				"fuzzy": "^0.1.3",
				"open": "^10.0.1",
				"prettier": "^3.1.1",
				"tsx": "^4.7.0"
			}
		},
		"node_modules/@allindevelopers/prettier-config": {
			"version": "1.0.0",
			"resolved": "https://registry.npmjs.org/@allindevelopers/prettier-config/-/prettier-config-1.0.0.tgz",
			"integrity": "sha512-trOMua7nSMnZJF2VHXvV/IW9SkzaT0ssZJybLDziKY0z4vnbde7xmyC2fCbo3xSEJbTLw0NNKjbCa+HKMBZ/sA=="
		},
		"node_modules/@esbuild/aix-ppc64": {
			"version": "0.19.10",
			"resolved": "https://registry.npmjs.org/@esbuild/aix-ppc64/-/aix-ppc64-0.19.10.tgz",
			"integrity": "sha512-Q+mk96KJ+FZ30h9fsJl+67IjNJm3x2eX+GBWGmocAKgzp27cowCOOqSdscX80s0SpdFXZnIv/+1xD1EctFx96Q==",
			"cpu": [
				"ppc64"
			],
			"optional": true,
			"os": [
				"aix"
			],
			"engines": {
				"node": ">=12"
			}
		},
		"node_modules/@esbuild/android-arm": {
			"version": "0.19.10",
			"resolved": "https://registry.npmjs.org/@esbuild/android-arm/-/android-arm-0.19.10.tgz",
			"integrity": "sha512-7W0bK7qfkw1fc2viBfrtAEkDKHatYfHzr/jKAHNr9BvkYDXPcC6bodtm8AyLJNNuqClLNaeTLuwURt4PRT9d7w==",
			"cpu": [
				"arm"
			],
			"optional": true,
			"os": [
				"android"
			],
			"engines": {
				"node": ">=12"
			}
		},
		"node_modules/@esbuild/android-arm64": {
			"version": "0.19.10",
			"resolved": "https://registry.npmjs.org/@esbuild/android-arm64/-/android-arm64-0.19.10.tgz",
			"integrity": "sha512-1X4CClKhDgC3by7k8aOWZeBXQX8dHT5QAMCAQDArCLaYfkppoARvh0fit3X2Qs+MXDngKcHv6XXyQCpY0hkK1Q==",
			"cpu": [
				"arm64"
			],
			"optional": true,
			"os": [
				"android"
			],
			"engines": {
				"node": ">=12"
			}
		},
		"node_modules/@esbuild/android-x64": {
			"version": "0.19.10",
			"resolved": "https://registry.npmjs.org/@esbuild/android-x64/-/android-x64-0.19.10.tgz",
			"integrity": "sha512-O/nO/g+/7NlitUxETkUv/IvADKuZXyH4BHf/g/7laqKC4i/7whLpB0gvpPc2zpF0q9Q6FXS3TS75QHac9MvVWw==",
			"cpu": [
				"x64"
			],
			"optional": true,
			"os": [
				"android"
			],
			"engines": {
				"node": ">=12"
			}
		},
		"node_modules/@esbuild/darwin-arm64": {
			"version": "0.19.10",
			"resolved": "https://registry.npmjs.org/@esbuild/darwin-arm64/-/darwin-arm64-0.19.10.tgz",
			"integrity": "sha512-YSRRs2zOpwypck+6GL3wGXx2gNP7DXzetmo5pHXLrY/VIMsS59yKfjPizQ4lLt5vEI80M41gjm2BxrGZ5U+VMA==",
			"cpu": [
				"arm64"
			],
			"optional": true,
			"os": [
				"darwin"
			],
			"engines": {
				"node": ">=12"
			}
		},
		"node_modules/@esbuild/darwin-x64": {
			"version": "0.19.10",
			"resolved": "https://registry.npmjs.org/@esbuild/darwin-x64/-/darwin-x64-0.19.10.tgz",
			"integrity": "sha512-alfGtT+IEICKtNE54hbvPg13xGBe4GkVxyGWtzr+yHO7HIiRJppPDhOKq3zstTcVf8msXb/t4eavW3jCDpMSmA==",
			"cpu": [
				"x64"
			],
			"optional": true,
			"os": [
				"darwin"
			],
			"engines": {
				"node": ">=12"
			}
		},
		"node_modules/@esbuild/freebsd-arm64": {
			"version": "0.19.10",
			"resolved": "https://registry.npmjs.org/@esbuild/freebsd-arm64/-/freebsd-arm64-0.19.10.tgz",
			"integrity": "sha512-dMtk1wc7FSH8CCkE854GyGuNKCewlh+7heYP/sclpOG6Cectzk14qdUIY5CrKDbkA/OczXq9WesqnPl09mj5dg==",
			"cpu": [
				"arm64"
			],
			"optional": true,
			"os": [
				"freebsd"
			],
			"engines": {
				"node": ">=12"
			}
		},
		"node_modules/@esbuild/freebsd-x64": {
			"version": "0.19.10",
			"resolved": "https://registry.npmjs.org/@esbuild/freebsd-x64/-/freebsd-x64-0.19.10.tgz",
			"integrity": "sha512-G5UPPspryHu1T3uX8WiOEUa6q6OlQh6gNl4CO4Iw5PS+Kg5bVggVFehzXBJY6X6RSOMS8iXDv2330VzaObm4Ag==",
			"cpu": [
				"x64"
			],
			"optional": true,
			"os": [
				"freebsd"
			],
			"engines": {
				"node": ">=12"
			}
		},
		"node_modules/@esbuild/linux-arm": {
			"version": "0.19.10",
			"resolved": "https://registry.npmjs.org/@esbuild/linux-arm/-/linux-arm-0.19.10.tgz",
			"integrity": "sha512-j6gUW5aAaPgD416Hk9FHxn27On28H4eVI9rJ4az7oCGTFW48+LcgNDBN+9f8rKZz7EEowo889CPKyeaD0iw9Kg==",
			"cpu": [
				"arm"
			],
			"optional": true,
			"os": [
				"linux"
			],
			"engines": {
				"node": ">=12"
			}
		},
		"node_modules/@esbuild/linux-arm64": {
			"version": "0.19.10",
			"resolved": "https://registry.npmjs.org/@esbuild/linux-arm64/-/linux-arm64-0.19.10.tgz",
			"integrity": "sha512-QxaouHWZ+2KWEj7cGJmvTIHVALfhpGxo3WLmlYfJ+dA5fJB6lDEIg+oe/0//FuyVHuS3l79/wyBxbHr0NgtxJQ==",
			"cpu": [
				"arm64"
			],
			"optional": true,
			"os": [
				"linux"
			],
			"engines": {
				"node": ">=12"
			}
		},
		"node_modules/@esbuild/linux-ia32": {
			"version": "0.19.10",
			"resolved": "https://registry.npmjs.org/@esbuild/linux-ia32/-/linux-ia32-0.19.10.tgz",
			"integrity": "sha512-4ub1YwXxYjj9h1UIZs2hYbnTZBtenPw5NfXCRgEkGb0b6OJ2gpkMvDqRDYIDRjRdWSe/TBiZltm3Y3Q8SN1xNg==",
			"cpu": [
				"ia32"
			],
			"optional": true,
			"os": [
				"linux"
			],
			"engines": {
				"node": ">=12"
			}
		},
		"node_modules/@esbuild/linux-loong64": {
			"version": "0.19.10",
			"resolved": "https://registry.npmjs.org/@esbuild/linux-loong64/-/linux-loong64-0.19.10.tgz",
			"integrity": "sha512-lo3I9k+mbEKoxtoIbM0yC/MZ1i2wM0cIeOejlVdZ3D86LAcFXFRdeuZmh91QJvUTW51bOK5W2BznGNIl4+mDaA==",
			"cpu": [
				"loong64"
			],
			"optional": true,
			"os": [
				"linux"
			],
			"engines": {
				"node": ">=12"
			}
		},
		"node_modules/@esbuild/linux-mips64el": {
			"version": "0.19.10",
			"resolved": "https://registry.npmjs.org/@esbuild/linux-mips64el/-/linux-mips64el-0.19.10.tgz",
			"integrity": "sha512-J4gH3zhHNbdZN0Bcr1QUGVNkHTdpijgx5VMxeetSk6ntdt+vR1DqGmHxQYHRmNb77tP6GVvD+K0NyO4xjd7y4A==",
			"cpu": [
				"mips64el"
			],
			"optional": true,
			"os": [
				"linux"
			],
			"engines": {
				"node": ">=12"
			}
		},
		"node_modules/@esbuild/linux-ppc64": {
			"version": "0.19.10",
			"resolved": "https://registry.npmjs.org/@esbuild/linux-ppc64/-/linux-ppc64-0.19.10.tgz",
			"integrity": "sha512-tgT/7u+QhV6ge8wFMzaklOY7KqiyitgT1AUHMApau32ZlvTB/+efeCtMk4eXS+uEymYK249JsoiklZN64xt6oQ==",
			"cpu": [
				"ppc64"
			],
			"optional": true,
			"os": [
				"linux"
			],
			"engines": {
				"node": ">=12"
			}
		},
		"node_modules/@esbuild/linux-riscv64": {
			"version": "0.19.10",
			"resolved": "https://registry.npmjs.org/@esbuild/linux-riscv64/-/linux-riscv64-0.19.10.tgz",
			"integrity": "sha512-0f/spw0PfBMZBNqtKe5FLzBDGo0SKZKvMl5PHYQr3+eiSscfJ96XEknCe+JoOayybWUFQbcJTrk946i3j9uYZA==",
			"cpu": [
				"riscv64"
			],
			"optional": true,
			"os": [
				"linux"
			],
			"engines": {
				"node": ">=12"
			}
		},
		"node_modules/@esbuild/linux-s390x": {
			"version": "0.19.10",
			"resolved": "https://registry.npmjs.org/@esbuild/linux-s390x/-/linux-s390x-0.19.10.tgz",
			"integrity": "sha512-pZFe0OeskMHzHa9U38g+z8Yx5FNCLFtUnJtQMpwhS+r4S566aK2ci3t4NCP4tjt6d5j5uo4h7tExZMjeKoehAA==",
			"cpu": [
				"s390x"
			],
			"optional": true,
			"os": [
				"linux"
			],
			"engines": {
				"node": ">=12"
			}
		},
		"node_modules/@esbuild/linux-x64": {
			"version": "0.19.10",
			"resolved": "https://registry.npmjs.org/@esbuild/linux-x64/-/linux-x64-0.19.10.tgz",
			"integrity": "sha512-SpYNEqg/6pZYoc+1zLCjVOYvxfZVZj6w0KROZ3Fje/QrM3nfvT2llI+wmKSrWuX6wmZeTapbarvuNNK/qepSgA==",
			"cpu": [
				"x64"
			],
			"optional": true,
			"os": [
				"linux"
			],
			"engines": {
				"node": ">=12"
			}
		},
		"node_modules/@esbuild/netbsd-x64": {
			"version": "0.19.10",
			"resolved": "https://registry.npmjs.org/@esbuild/netbsd-x64/-/netbsd-x64-0.19.10.tgz",
			"integrity": "sha512-ACbZ0vXy9zksNArWlk2c38NdKg25+L9pr/mVaj9SUq6lHZu/35nx2xnQVRGLrC1KKQqJKRIB0q8GspiHI3J80Q==",
			"cpu": [
				"x64"
			],
			"optional": true,
			"os": [
				"netbsd"
			],
			"engines": {
				"node": ">=12"
			}
		},
		"node_modules/@esbuild/openbsd-x64": {
			"version": "0.19.10",
			"resolved": "https://registry.npmjs.org/@esbuild/openbsd-x64/-/openbsd-x64-0.19.10.tgz",
			"integrity": "sha512-PxcgvjdSjtgPMiPQrM3pwSaG4kGphP+bLSb+cihuP0LYdZv1epbAIecHVl5sD3npkfYBZ0ZnOjR878I7MdJDFg==",
			"cpu": [
				"x64"
			],
			"optional": true,
			"os": [
				"openbsd"
			],
			"engines": {
				"node": ">=12"
			}
		},
		"node_modules/@esbuild/sunos-x64": {
			"version": "0.19.10",
			"resolved": "https://registry.npmjs.org/@esbuild/sunos-x64/-/sunos-x64-0.19.10.tgz",
			"integrity": "sha512-ZkIOtrRL8SEJjr+VHjmW0znkPs+oJXhlJbNwfI37rvgeMtk3sxOQevXPXjmAPZPigVTncvFqLMd+uV0IBSEzqA==",
			"cpu": [
				"x64"
			],
			"optional": true,
			"os": [
				"sunos"
			],
			"engines": {
				"node": ">=12"
			}
		},
		"node_modules/@esbuild/win32-arm64": {
			"version": "0.19.10",
			"resolved": "https://registry.npmjs.org/@esbuild/win32-arm64/-/win32-arm64-0.19.10.tgz",
			"integrity": "sha512-+Sa4oTDbpBfGpl3Hn3XiUe4f8TU2JF7aX8cOfqFYMMjXp6ma6NJDztl5FDG8Ezx0OjwGikIHw+iA54YLDNNVfw==",
			"cpu": [
				"arm64"
			],
			"optional": true,
			"os": [
				"win32"
			],
			"engines": {
				"node": ">=12"
			}
		},
		"node_modules/@esbuild/win32-ia32": {
			"version": "0.19.10",
			"resolved": "https://registry.npmjs.org/@esbuild/win32-ia32/-/win32-ia32-0.19.10.tgz",
			"integrity": "sha512-EOGVLK1oWMBXgfttJdPHDTiivYSjX6jDNaATeNOaCOFEVcfMjtbx7WVQwPSE1eIfCp/CaSF2nSrDtzc4I9f8TQ==",
			"cpu": [
				"ia32"
			],
			"optional": true,
			"os": [
				"win32"
			],
			"engines": {
				"node": ">=12"
			}
		},
		"node_modules/@esbuild/win32-x64": {
			"version": "0.19.10",
			"resolved": "https://registry.npmjs.org/@esbuild/win32-x64/-/win32-x64-0.19.10.tgz",
			"integrity": "sha512-whqLG6Sc70AbU73fFYvuYzaE4MNMBIlR1Y/IrUeOXFrWHxBEjjbZaQ3IXIQS8wJdAzue2GwYZCjOrgrU1oUHoA==",
			"cpu": [
				"x64"
			],
			"optional": true,
			"os": [
				"win32"
			],
			"engines": {
				"node": ">=12"
			}
		},
		"node_modules/@tsconfig/node20": {
			"version": "20.1.2",
			"resolved": "https://registry.npmjs.org/@tsconfig/node20/-/node20-20.1.2.tgz",
			"integrity": "sha512-madaWq2k+LYMEhmcp0fs+OGaLFk0OenpHa4gmI4VEmCKX4PJntQ6fnnGADVFrVkBj0wIdAlQnK/MrlYTHsa1gQ=="
		},
		"node_modules/@types/node": {
			"version": "20.10.5",
			"resolved": "https://registry.npmjs.org/@types/node/-/node-20.10.5.tgz",
			"integrity": "sha512-nNPsNE65wjMxEKI93yOP+NPGGBJz/PoN3kZsVLee0XMiJolxSekEVD8wRwBUBqkwc7UWop0edW50yrCQW4CyRw==",
			"dependencies": {
				"undici-types": "~5.26.4"
			}
		},
		"node_modules/bundle-name": {
			"version": "4.1.0",
			"resolved": "https://registry.npmjs.org/bundle-name/-/bundle-name-4.1.0.tgz",
			"integrity": "sha512-tjwM5exMg6BGRI+kNmTntNsvdZS1X8BFYS6tnJ2hdH0kVxM6/eVZ2xy+FqStSWvYmtfFMDLIxurorHwDKfDz5Q==",
			"dependencies": {
				"run-applescript": "^7.0.0"
			},
			"engines": {
				"node": ">=18"
			},
			"funding": {
				"url": "https://github.com/sponsors/sindresorhus"
			}
		},
		"node_modules/default-browser": {
			"version": "5.2.0",
			"resolved": "https://registry.npmjs.org/default-browser/-/default-browser-5.2.0.tgz",
			"integrity": "sha512-EviRCeDkniKC30N3uKNHIaIsBZEo00ZOrxDZQmJwJeY2q6Uli5SwfmQ6wSf5aezcBS3PDHoQJl/XuAHEfMCJFg==",
			"dependencies": {
				"bundle-name": "^4.1.0",
				"default-browser-id": "^5.0.0"
			},
			"engines": {
				"node": ">=18"
			},
			"funding": {
				"url": "https://github.com/sponsors/sindresorhus"
			}
		},
		"node_modules/default-browser-id": {
			"version": "5.0.0",
			"resolved": "https://registry.npmjs.org/default-browser-id/-/default-browser-id-5.0.0.tgz",
			"integrity": "sha512-A6p/pu/6fyBcA1TRz/GqWYPViplrftcW2gZC9q79ngNCKAeR/X3gcEdXQHl4KNXV+3wgIJ1CPkJQ3IHM6lcsyA==",
			"engines": {
				"node": ">=18"
			},
			"funding": {
				"url": "https://github.com/sponsors/sindresorhus"
			}
		},
		"node_modules/define-lazy-prop": {
			"version": "3.0.0",
			"resolved": "https://registry.npmjs.org/define-lazy-prop/-/define-lazy-prop-3.0.0.tgz",
			"integrity": "sha512-N+MeXYoqr3pOgn8xfyRPREN7gHakLYjhsHhWGT3fWAiL4IkAt0iDw14QiiEm2bE30c5XX5q0FtAA3CK5f9/BUg==",
			"engines": {
				"node": ">=12"
			},
			"funding": {
				"url": "https://github.com/sponsors/sindresorhus"
			}
		},
		"node_modules/esbuild": {
			"version": "0.19.10",
			"resolved": "https://registry.npmjs.org/esbuild/-/esbuild-0.19.10.tgz",
			"integrity": "sha512-S1Y27QGt/snkNYrRcswgRFqZjaTG5a5xM3EQo97uNBnH505pdzSNe/HLBq1v0RO7iK/ngdbhJB6mDAp0OK+iUA==",
			"hasInstallScript": true,
			"bin": {
				"esbuild": "bin/esbuild"
			},
			"engines": {
				"node": ">=12"
			},
			"optionalDependencies": {
				"@esbuild/aix-ppc64": "0.19.10",
				"@esbuild/android-arm": "0.19.10",
				"@esbuild/android-arm64": "0.19.10",
				"@esbuild/android-x64": "0.19.10",
				"@esbuild/darwin-arm64": "0.19.10",
				"@esbuild/darwin-x64": "0.19.10",
				"@esbuild/freebsd-arm64": "0.19.10",
				"@esbuild/freebsd-x64": "0.19.10",
				"@esbuild/linux-arm": "0.19.10",
				"@esbuild/linux-arm64": "0.19.10",
				"@esbuild/linux-ia32": "0.19.10",
				"@esbuild/linux-loong64": "0.19.10",
				"@esbuild/linux-mips64el": "0.19.10",
				"@esbuild/linux-ppc64": "0.19.10",
				"@esbuild/linux-riscv64": "0.19.10",
				"@esbuild/linux-s390x": "0.19.10",
				"@esbuild/linux-x64": "0.19.10",
				"@esbuild/netbsd-x64": "0.19.10",
				"@esbuild/openbsd-x64": "0.19.10",
				"@esbuild/sunos-x64": "0.19.10",
				"@esbuild/win32-arm64": "0.19.10",
				"@esbuild/win32-ia32": "0.19.10",
				"@esbuild/win32-x64": "0.19.10"
			}
		},
		"node_modules/fsevents": {
			"version": "2.3.3",
			"resolved": "https://registry.npmjs.org/fsevents/-/fsevents-2.3.3.tgz",
			"integrity": "sha512-5xoDfX+fL7faATnagmWPpbFtwh/R77WmMMqqHGS65C3vvB0YHrgF+B1YmZ3441tMj5n63k0212XNoJwzlhffQw==",
			"hasInstallScript": true,
			"optional": true,
			"os": [
				"darwin"
			],
			"engines": {
				"node": "^8.16.0 || ^10.6.0 || >=11.0.0"
			}
		},
		"node_modules/fuse.js": {
			"version": "7.0.0",
			"resolved": "https://registry.npmjs.org/fuse.js/-/fuse.js-7.0.0.tgz",
			"integrity": "sha512-14F4hBIxqKvD4Zz/XjDc3y94mNZN6pRv3U13Udo0lNLCWRBUsrMv2xwcF/y/Z5sV6+FQW+/ow68cHpm4sunt8Q==",
			"engines": {
				"node": ">=10"
			}
		},
		"node_modules/fuzzy": {
			"version": "0.1.3",
			"resolved": "https://registry.npmjs.org/fuzzy/-/fuzzy-0.1.3.tgz",
			"integrity": "sha512-/gZffu4ykarLrCiP3Ygsa86UAo1E5vEVlvTrpkKywXSbP9Xhln3oSp9QSV57gEq3JFFpGJ4GZ+5zdEp3FcUh4w==",
			"engines": {
				"node": ">= 0.6.0"
			}
		},
		"node_modules/get-tsconfig": {
			"version": "4.7.2",
			"resolved": "https://registry.npmjs.org/get-tsconfig/-/get-tsconfig-4.7.2.tgz",
			"integrity": "sha512-wuMsz4leaj5hbGgg4IvDU0bqJagpftG5l5cXIAvo8uZrqn0NJqwtfupTN00VnkQJPcIRrxYrm1Ue24btpCha2A==",
			"dependencies": {
				"resolve-pkg-maps": "^1.0.0"
			},
			"funding": {
				"url": "https://github.com/privatenumber/get-tsconfig?sponsor=1"
			}
		},
		"node_modules/is-docker": {
			"version": "3.0.0",
			"resolved": "https://registry.npmjs.org/is-docker/-/is-docker-3.0.0.tgz",
			"integrity": "sha512-eljcgEDlEns/7AXFosB5K/2nCM4P7FQPkGc/DWLy5rmFEWvZayGrik1d9/QIY5nJ4f9YsVvBkA6kJpHn9rISdQ==",
			"bin": {
				"is-docker": "cli.js"
			},
			"engines": {
				"node": "^12.20.0 || ^14.13.1 || >=16.0.0"
			},
			"funding": {
				"url": "https://github.com/sponsors/sindresorhus"
			}
		},
		"node_modules/is-inside-container": {
			"version": "1.0.0",
			"resolved": "https://registry.npmjs.org/is-inside-container/-/is-inside-container-1.0.0.tgz",
			"integrity": "sha512-KIYLCCJghfHZxqjYBE7rEy0OBuTd5xCHS7tHVgvCLkx7StIoaxwNW3hCALgEUjFfeRk+MG/Qxmp/vtETEF3tRA==",
			"dependencies": {
				"is-docker": "^3.0.0"
			},
			"bin": {
				"is-inside-container": "cli.js"
			},
			"engines": {
				"node": ">=14.16"
			},
			"funding": {
				"url": "https://github.com/sponsors/sindresorhus"
			}
		},
		"node_modules/is-wsl": {
			"version": "3.1.0",
			"resolved": "https://registry.npmjs.org/is-wsl/-/is-wsl-3.1.0.tgz",
			"integrity": "sha512-UcVfVfaK4Sc4m7X3dUSoHoozQGBEFeDC+zVo06t98xe8CzHSZZBekNXH+tu0NalHolcJ/QAGqS46Hef7QXBIMw==",
			"dependencies": {
				"is-inside-container": "^1.0.0"
			},
			"engines": {
				"node": ">=16"
			},
			"funding": {
				"url": "https://github.com/sponsors/sindresorhus"
			}
		},
		"node_modules/open": {
			"version": "10.0.1",
			"resolved": "https://registry.npmjs.org/open/-/open-10.0.1.tgz",
			"integrity": "sha512-+BCGXjtXs4qlmImA8X1AhSU2XyBqD8tJC/PNgWYbcEvNphnw2nyCvNEhAXYk9V+55h1B8M64oXind989YcWANw==",
			"dependencies": {
				"default-browser": "^5.2.0",
				"define-lazy-prop": "^3.0.0",
				"is-inside-container": "^1.0.0",
				"is-wsl": "^3.1.0"
			},
			"engines": {
				"node": ">=18"
			},
			"funding": {
				"url": "https://github.com/sponsors/sindresorhus"
			}
		},
		"node_modules/prettier": {
			"version": "3.1.1",
			"resolved": "https://registry.npmjs.org/prettier/-/prettier-3.1.1.tgz",
			"integrity": "sha512-22UbSzg8luF4UuZtzgiUOfcGM8s4tjBv6dJRT7j275NXsy2jb4aJa4NNveul5x4eqlF1wuhuR2RElK71RvmVaw==",
			"bin": {
				"prettier": "bin/prettier.cjs"
			},
			"engines": {
				"node": ">=14"
			},
			"funding": {
				"url": "https://github.com/prettier/prettier?sponsor=1"
			}
		},
		"node_modules/resolve-pkg-maps": {
			"version": "1.0.0",
			"resolved": "https://registry.npmjs.org/resolve-pkg-maps/-/resolve-pkg-maps-1.0.0.tgz",
			"integrity": "sha512-seS2Tj26TBVOC2NIc2rOe2y2ZO7efxITtLZcGSOnHHNOQ7CkiUBfw0Iw2ck6xkIhPwLhKNLS8BO+hEpngQlqzw==",
			"funding": {
				"url": "https://github.com/privatenumber/resolve-pkg-maps?sponsor=1"
			}
		},
		"node_modules/run-applescript": {
			"version": "7.0.0",
			"resolved": "https://registry.npmjs.org/run-applescript/-/run-applescript-7.0.0.tgz",
			"integrity": "sha512-9by4Ij99JUr/MCFBUkDKLWK3G9HVXmabKz9U5MlIAIuvuzkiOicRYs8XJLxX+xahD+mLiiCYDqF9dKAgtzKP1A==",
			"engines": {
				"node": ">=18"
			},
			"funding": {
				"url": "https://github.com/sponsors/sindresorhus"
			}
		},
		"node_modules/tsx": {
			"version": "4.7.0",
			"resolved": "https://registry.npmjs.org/tsx/-/tsx-4.7.0.tgz",
			"integrity": "sha512-I+t79RYPlEYlHn9a+KzwrvEwhJg35h/1zHsLC2JXvhC2mdynMv6Zxzvhv5EMV6VF5qJlLlkSnMVvdZV3PSIGcg==",
			"dependencies": {
				"esbuild": "~0.19.10",
				"get-tsconfig": "^4.7.2"
			},
			"bin": {
				"tsx": "dist/cli.mjs"
			},
			"engines": {
				"node": ">=18.0.0"
			},
			"optionalDependencies": {
				"fsevents": "~2.3.3"
			}
		},
		"node_modules/undici-types": {
			"version": "5.26.5",
			"resolved": "https://registry.npmjs.org/undici-types/-/undici-types-5.26.5.tgz",
			"integrity": "sha512-JlCMO+ehdEIKqlFxk6IfVoAUVmgz7cU7zD/h9XZ0qzeosSHmUJVOzSQvvYSYWXkFXC+IfLKSIffhv0sVZup6pA=="
		}
	}
}
